
Microsoft Visual Studio Solution File, Format Version 12.00
# Visual Studio 15
VisualStudioVersion = 15.0.26430.16
MinimumVisualStudioVersion = 10.0.40219.1
Project("{8BC9CEB8-8B4A-11D0-8D11-00A0C91BC942}") = "dxgi", "dxgi\dxgi.vcxproj", "{3013DDEF-B7FF-4DE9-8BDD-28AEF11B4ADE}"
	ProjectSection(ProjectDependencies) = postProject
		{5B8EF7A4-C369-4BF1-BF01-229B77EAEC84} = {5B8EF7A4-C369-4BF1-BF01-229B77EAEC84}
	EndProjectSection
EndProject
Project("{8BC9CEB8-8B4A-11D0-8D11-00A0C91BC942}") = "libMinHook", "minhook\libMinHook.vcxproj", "{F142A341-5EE0-442D-A15F-98AE9B48DBAE}"
EndProject
Project("{8BC9CEB8-8B4A-11D0-8D11-00A0C91BC942}") = "wrapper", "wrapper\wrapper.vcxproj", "{5B8EF7A4-C369-4BF1-BF01-229B77EAEC84}"
	ProjectSection(ProjectDependencies) = postProject
		{F142A341-5EE0-442D-A15F-98AE9B48DBAE} = {F142A341-5EE0-442D-A15F-98AE9B48DBAE}
	EndProjectSection
EndProject
Project("{8BC9CEB8-8B4A-11D0-8D11-00A0C91BC942}") = "keylogger", "examples\keylogger\keylogger.vcxproj", "{7855B55D-A830-45B3-9089-4C9597DA4120}"
	ProjectSection(ProjectDependencies) = postProject
		{3013DDEF-B7FF-4DE9-8BDD-28AEF11B4ADE} = {3013DDEF-B7FF-4DE9-8BDD-28AEF11B4ADE}
	EndProjectSection
EndProject
Project("{8BC9CEB8-8B4A-11D0-8D11-00A0C91BC942}") = "stats", "examples\stats\stats.vcxproj", "{85DF019F-22CB-4B89-BEF9-3ECC48C8CF65}"
	ProjectSection(ProjectDependencies) = postProject
		{3013DDEF-B7FF-4DE9-8BDD-28AEF11B4ADE} = {3013DDEF-B7FF-4DE9-8BDD-28AEF11B4ADE}
	EndProjectSection
EndProject
Project("{8BC9CEB8-8B4A-11D0-8D11-00A0C91BC942}") = "supersonic", "examples\supersonic\supersonic.vcxproj", "{4956E0FB-84F3-48A2-BFB2-80C16093F64C}"
	ProjectSection(ProjectDependencies) = postProject
		{3013DDEF-B7FF-4DE9-8BDD-28AEF11B4ADE} = {3013DDEF-B7FF-4DE9-8BDD-28AEF11B4ADE}
	EndProjectSection
EndProject
Project("{2150E333-8FDC-42A3-9474-1A3956D46DE8}") = "examples", "examples", "{C20F4609-6B7C-4239-8248-D20C3F05C130}"
EndProject
Project("{8BC9CEB8-8B4A-11D0-8D11-00A0C91BC942}") = "server", "examples\server\server.vcxproj", "{4252A0F9-0B5D-4ECF-A7F1-F944889FE961}"
	ProjectSection(ProjectDependencies) = postProject
		{3013DDEF-B7FF-4DE9-8BDD-28AEF11B4ADE} = {3013DDEF-B7FF-4DE9-8BDD-28AEF11B4ADE}
	EndProjectSection
EndProject
Project("{8BC9CEB8-8B4A-11D0-8D11-00A0C91BC942}") = "fetchbench", "fetchbench\fetchbench.vcxproj", "{B5EF7478-F771-4F74-A49D-DBA1EEA6E4A1}"
EndProject
Project("{8BC9CEB8-8B4A-11D0-8D11-00A0C91BC942}") = "physx", "examples\physx\physx.vcxproj", "{FF19F7DC-6A1F-4C6F-B366-4D53202F2CE1}"
	ProjectSection(ProjectDependencies) = postProject
		{3013DDEF-B7FF-4DE9-8BDD-28AEF11B4ADE} = {3013DDEF-B7FF-4DE9-8BDD-28AEF11B4ADE}
	EndProjectSection
EndProject
Project("{8BC9CEB8-8B4A-11D0-8D11-00A0C91BC942}") = "hlsltest", "hlsltest\hlsltest.vcxproj", "{BA9B3845-C347-40CA-A560-CE3E10F945C5}"
EndProject
Project("{8BC9CEB8-8B4A-11D0-8D11-00A0C91BC942}") = "gta5", "examples\gta5\gta5.vcxproj", "{948C9A51-CD50-4502-BC97-1E35ED83DDFD}"
	ProjectSection(ProjectDependencies) = postProject
		{3013DDEF-B7FF-4DE9-8BDD-28AEF11B4ADE} = {3013DDEF-B7FF-4DE9-8BDD-28AEF11B4ADE}
		{4252A0F9-0B5D-4ECF-A7F1-F944889FE961} = {4252A0F9-0B5D-4ECF-A7F1-F944889FE961}
	EndProjectSection
EndProject
Project("{8BC9CEB8-8B4A-11D0-8D11-00A0C91BC942}") = "capture", "examples\capture\capture.vcxproj", "{38FA3D93-8D70-4733-85DE-CE78DE84EC55}"
EndProject
Project("{8BC9CEB8-8B4A-11D0-8D11-00A0C91BC942}") = "farcry", "examples\farcry\farcry.vcxproj", "{20C79E43-3488-4A5E-B10E-E4DBF2E3D043}"
EndProject
Project("{8BC9CEB8-8B4A-11D0-8D11-00A0C91BC942}") = "fetch_info", "examples\fetch_info\DeepGTAV.vcxproj", "{8D82F34A-1D64-465B-84B1-37F89AD3D20B}"
EndProject
Global
	GlobalSection(SolutionConfigurationPlatforms) = preSolution
		Debug|x64 = Debug|x64
		Debug|x86 = Debug|x86
		Release|x64 = Release|x64
		Release|x86 = Release|x86
	EndGlobalSection
	GlobalSection(ProjectConfigurationPlatforms) = postSolution
		{3013DDEF-B7FF-4DE9-8BDD-28AEF11B4ADE}.Debug|x64.ActiveCfg = Debug|x64
		{3013DDEF-B7FF-4DE9-8BDD-28AEF11B4ADE}.Debug|x64.Build.0 = Debug|x64
		{3013DDEF-B7FF-4DE9-8BDD-28AEF11B4ADE}.Debug|x86.ActiveCfg = Debug|Win32
		{3013DDEF-B7FF-4DE9-8BDD-28AEF11B4ADE}.Debug|x86.Build.0 = Debug|Win32
		{3013DDEF-B7FF-4DE9-8BDD-28AEF11B4ADE}.Release|x64.ActiveCfg = Release|x64
		{3013DDEF-B7FF-4DE9-8BDD-28AEF11B4ADE}.Release|x64.Build.0 = Release|x64
		{3013DDEF-B7FF-4DE9-8BDD-28AEF11B4ADE}.Release|x86.ActiveCfg = Release|Win32
		{3013DDEF-B7FF-4DE9-8BDD-28AEF11B4ADE}.Release|x86.Build.0 = Release|Win32
		{F142A341-5EE0-442D-A15F-98AE9B48DBAE}.Debug|x64.ActiveCfg = Debug|x64
		{F142A341-5EE0-442D-A15F-98AE9B48DBAE}.Debug|x64.Build.0 = Debug|x64
		{F142A341-5EE0-442D-A15F-98AE9B48DBAE}.Debug|x86.ActiveCfg = Debug|Win32
		{F142A341-5EE0-442D-A15F-98AE9B48DBAE}.Debug|x86.Build.0 = Debug|Win32
		{F142A341-5EE0-442D-A15F-98AE9B48DBAE}.Release|x64.ActiveCfg = Release|x64
		{F142A341-5EE0-442D-A15F-98AE9B48DBAE}.Release|x64.Build.0 = Release|x64
		{F142A341-5EE0-442D-A15F-98AE9B48DBAE}.Release|x86.ActiveCfg = Release|Win32
		{F142A341-5EE0-442D-A15F-98AE9B48DBAE}.Release|x86.Build.0 = Release|Win32
		{5B8EF7A4-C369-4BF1-BF01-229B77EAEC84}.Debug|x64.ActiveCfg = Debug|x64
		{5B8EF7A4-C369-4BF1-BF01-229B77EAEC84}.Debug|x64.Build.0 = Debug|x64
		{5B8EF7A4-C369-4BF1-BF01-229B77EAEC84}.Debug|x86.ActiveCfg = Debug|Win32
		{5B8EF7A4-C369-4BF1-BF01-229B77EAEC84}.Debug|x86.Build.0 = Debug|Win32
		{5B8EF7A4-C369-4BF1-BF01-229B77EAEC84}.Release|x64.ActiveCfg = Release|x64
		{5B8EF7A4-C369-4BF1-BF01-229B77EAEC84}.Release|x64.Build.0 = Release|x64
		{5B8EF7A4-C369-4BF1-BF01-229B77EAEC84}.Release|x86.ActiveCfg = Release|Win32
		{5B8EF7A4-C369-4BF1-BF01-229B77EAEC84}.Release|x86.Build.0 = Release|Win32
		{7855B55D-A830-45B3-9089-4C9597DA4120}.Debug|x64.ActiveCfg = Debug|x64
		{7855B55D-A830-45B3-9089-4C9597DA4120}.Debug|x86.ActiveCfg = Debug|Win32
		{7855B55D-A830-45B3-9089-4C9597DA4120}.Release|x64.ActiveCfg = Release|x64
		{7855B55D-A830-45B3-9089-4C9597DA4120}.Release|x86.ActiveCfg = Release|Win32
		{85DF019F-22CB-4B89-BEF9-3ECC48C8CF65}.Debug|x64.ActiveCfg = Debug|x64
		{85DF019F-22CB-4B89-BEF9-3ECC48C8CF65}.Debug|x86.ActiveCfg = Debug|Win32
		{85DF019F-22CB-4B89-BEF9-3ECC48C8CF65}.Release|x64.ActiveCfg = Release|x64
		{85DF019F-22CB-4B89-BEF9-3ECC48C8CF65}.Release|x86.ActiveCfg = Release|Win32
		{4956E0FB-84F3-48A2-BFB2-80C16093F64C}.Debug|x64.ActiveCfg = Debug|x64
		{4956E0FB-84F3-48A2-BFB2-80C16093F64C}.Debug|x86.ActiveCfg = Debug|Win32
		{4956E0FB-84F3-48A2-BFB2-80C16093F64C}.Debug|x86.Build.0 = Debug|Win32
		{4956E0FB-84F3-48A2-BFB2-80C16093F64C}.Release|x64.ActiveCfg = Release|x64
		{4956E0FB-84F3-48A2-BFB2-80C16093F64C}.Release|x86.ActiveCfg = Release|Win32
		{4956E0FB-84F3-48A2-BFB2-80C16093F64C}.Release|x86.Build.0 = Release|Win32
		{4252A0F9-0B5D-4ECF-A7F1-F944889FE961}.Debug|x64.ActiveCfg = Debug|x64
		{4252A0F9-0B5D-4ECF-A7F1-F944889FE961}.Debug|x64.Build.0 = Debug|x64
		{4252A0F9-0B5D-4ECF-A7F1-F944889FE961}.Debug|x86.ActiveCfg = Debug|Win32
		{4252A0F9-0B5D-4ECF-A7F1-F944889FE961}.Debug|x86.Build.0 = Debug|Win32
		{4252A0F9-0B5D-4ECF-A7F1-F944889FE961}.Release|x64.ActiveCfg = Release|x64
		{4252A0F9-0B5D-4ECF-A7F1-F944889FE961}.Release|x64.Build.0 = Release|x64
		{4252A0F9-0B5D-4ECF-A7F1-F944889FE961}.Release|x86.ActiveCfg = Release|Win32
		{4252A0F9-0B5D-4ECF-A7F1-F944889FE961}.Release|x86.Build.0 = Release|Win32
		{B5EF7478-F771-4F74-A49D-DBA1EEA6E4A1}.Debug|x64.ActiveCfg = Debug|x64
		{B5EF7478-F771-4F74-A49D-DBA1EEA6E4A1}.Debug|x86.ActiveCfg = Debug|Win32
		{B5EF7478-F771-4F74-A49D-DBA1EEA6E4A1}.Debug|x86.Build.0 = Debug|Win32
		{B5EF7478-F771-4F74-A49D-DBA1EEA6E4A1}.Release|x64.ActiveCfg = Release|x64
		{B5EF7478-F771-4F74-A49D-DBA1EEA6E4A1}.Release|x64.Build.0 = Release|x64
		{B5EF7478-F771-4F74-A49D-DBA1EEA6E4A1}.Release|x86.ActiveCfg = Release|Win32
		{B5EF7478-F771-4F74-A49D-DBA1EEA6E4A1}.Release|x86.Build.0 = Release|Win32
		{FF19F7DC-6A1F-4C6F-B366-4D53202F2CE1}.Debug|x64.ActiveCfg = Debug|x64
		{FF19F7DC-6A1F-4C6F-B366-4D53202F2CE1}.Debug|x86.ActiveCfg = Debug|Win32
		{FF19F7DC-6A1F-4C6F-B366-4D53202F2CE1}.Release|x64.ActiveCfg = Release|x64
		{FF19F7DC-6A1F-4C6F-B366-4D53202F2CE1}.Release|x86.ActiveCfg = Release|Win32
		{BA9B3845-C347-40CA-A560-CE3E10F945C5}.Debug|x64.ActiveCfg = Debug|x64
		{BA9B3845-C347-40CA-A560-CE3E10F945C5}.Debug|x64.Build.0 = Debug|x64
		{BA9B3845-C347-40CA-A560-CE3E10F945C5}.Debug|x86.ActiveCfg = Debug|Win32
		{BA9B3845-C347-40CA-A560-CE3E10F945C5}.Debug|x86.Build.0 = Debug|Win32
		{BA9B3845-C347-40CA-A560-CE3E10F945C5}.Release|x64.ActiveCfg = Release|x64
		{BA9B3845-C347-40CA-A560-CE3E10F945C5}.Release|x86.ActiveCfg = Release|Win32
		{BA9B3845-C347-40CA-A560-CE3E10F945C5}.Release|x86.Build.0 = Release|Win32
		{948C9A51-CD50-4502-BC97-1E35ED83DDFD}.Debug|x64.ActiveCfg = Debug|x64
		{948C9A51-CD50-4502-BC97-1E35ED83DDFD}.Debug|x64.Build.0 = Debug|x64
		{948C9A51-CD50-4502-BC97-1E35ED83DDFD}.Debug|x86.ActiveCfg = Debug|Win32
		{948C9A51-CD50-4502-BC97-1E35ED83DDFD}.Release|x64.ActiveCfg = Release|x64
		{948C9A51-CD50-4502-BC97-1E35ED83DDFD}.Release|x64.Build.0 = Release|x64
		{948C9A51-CD50-4502-BC97-1E35ED83DDFD}.Release|x86.ActiveCfg = Release|Win32
		{38FA3D93-8D70-4733-85DE-CE78DE84EC55}.Debug|x64.ActiveCfg = Debug|x64
		{38FA3D93-8D70-4733-85DE-CE78DE84EC55}.Debug|x86.ActiveCfg = Debug|Win32
		{38FA3D93-8D70-4733-85DE-CE78DE84EC55}.Debug|x86.Build.0 = Debug|Win32
		{38FA3D93-8D70-4733-85DE-CE78DE84EC55}.Release|x64.ActiveCfg = Release|x64
		{38FA3D93-8D70-4733-85DE-CE78DE84EC55}.Release|x86.ActiveCfg = Release|Win32
		{38FA3D93-8D70-4733-85DE-CE78DE84EC55}.Release|x86.Build.0 = Release|Win32
		{20C79E43-3488-4A5E-B10E-E4DBF2E3D043}.Debug|x64.ActiveCfg = Debug|x64
		{20C79E43-3488-4A5E-B10E-E4DBF2E3D043}.Debug|x86.ActiveCfg = Debug|Win32
		{20C79E43-3488-4A5E-B10E-E4DBF2E3D043}.Debug|x86.Build.0 = Debug|Win32
		{20C79E43-3488-4A5E-B10E-E4DBF2E3D043}.Release|x64.ActiveCfg = Release|x64
		{20C79E43-3488-4A5E-B10E-E4DBF2E3D043}.Release|x64.Build.0 = Release|x64
		{20C79E43-3488-4A5E-B10E-E4DBF2E3D043}.Release|x86.ActiveCfg = Release|Win32
		{20C79E43-3488-4A5E-B10E-E4DBF2E3D043}.Release|x86.Build.0 = Release|Win32
		{8D82F34A-1D64-465B-84B1-37F89AD3D20B}.Debug|x64.ActiveCfg = Release|x64
		{8D82F34A-1D64-465B-84B1-37F89AD3D20B}.Debug|x64.Build.0 = Release|x64
		{8D82F34A-1D64-465B-84B1-37F89AD3D20B}.Debug|x86.ActiveCfg = Release|x64
		{8D82F34A-1D64-465B-84B1-37F89AD3D20B}.Debug|x86.Build.0 = Release|x64
		{8D82F34A-1D64-465B-84B1-37F89AD3D20B}.Release|x64.ActiveCfg = Release|x64
		{8D82F34A-1D64-465B-84B1-37F89AD3D20B}.Release|x64.Build.0 = Release|x64
		{8D82F34A-1D64-465B-84B1-37F89AD3D20B}.Release|x86.ActiveCfg = Release|x64
	EndGlobalSection
	GlobalSection(SolutionProperties) = preSolution
		HideSolutionNode = FALSE
	EndGlobalSection
	GlobalSection(NestedProjects) = preSolution
		{7855B55D-A830-45B3-9089-4C9597DA4120} = {C20F4609-6B7C-4239-8248-D20C3F05C130}
		{85DF019F-22CB-4B89-BEF9-3ECC48C8CF65} = {C20F4609-6B7C-4239-8248-D20C3F05C130}
		{4956E0FB-84F3-48A2-BFB2-80C16093F64C} = {C20F4609-6B7C-4239-8248-D20C3F05C130}
		{4252A0F9-0B5D-4ECF-A7F1-F944889FE961} = {C20F4609-6B7C-4239-8248-D20C3F05C130}
		{FF19F7DC-6A1F-4C6F-B366-4D53202F2CE1} = {C20F4609-6B7C-4239-8248-D20C3F05C130}
		{948C9A51-CD50-4502-BC97-1E35ED83DDFD} = {C20F4609-6B7C-4239-8248-D20C3F05C130}
		{38FA3D93-8D70-4733-85DE-CE78DE84EC55} = {C20F4609-6B7C-4239-8248-D20C3F05C130}
		{20C79E43-3488-4A5E-B10E-E4DBF2E3D043} = {C20F4609-6B7C-4239-8248-D20C3F05C130}
		{8D82F34A-1D64-465B-84B1-37F89AD3D20B} = {C20F4609-6B7C-4239-8248-D20C3F05C130}
	EndGlobalSection
	GlobalSection(Performance) = preSolution
		HasPerformanceSessions = true
	EndGlobalSection
	GlobalSection(Performance) = preSolution
		HasPerformanceSessions = true
	EndGlobalSection
EndGlobal
